{
  "nodes": {
    "flake-utils": {
      "locked": {
        "lastModified": 1652733177,
        "narHash": "sha256-mRpdBbVk8tbYVgEE6oTBbFT1vkVdF7EzaP7bMQ26wWA=",
        "owner": "numtide",
        "repo": "flake-utils",
        "rev": "04b4d989fda8f14e6fcd1fee631eab9c54d15b97",
        "type": "github"
      },
      "original": {
        "owner": "numtide",
        "repo": "flake-utils",
        "type": "github"
      }
    },
    "nixpkgs": {
      "locked": {
        "lastModified": 1726755586,
        "narHash": "sha256-PmUr/2GQGvFTIJ6/Tvsins7Q43KTMvMFhvG6oaYK+Wk=",
        "owner": "NixOS",
        "repo": "nixpkgs",
        "rev": "c04d5652cfa9742b1d519688f65d1bbccea9eb7e",
        "type": "github"
      },
      "original": {
        "owner": "NixOS",
        "ref": "nixos-unstable",
        "repo": "nixpkgs",
        "type": "github"
      }
    },
    "root": {
      "inputs": {
        "flake-utils": "flake-utils",
        "nixpkgs": "nixpkgs"
      }
    }
  },
  "root": "root",
  "version": 7
}
